<?xml version="1.0" encoding="utf-8"?>
<Project ToolsVersion="4.0" xmlns="http://schemas.microsoft.com/developer/msbuild/2003">
  <ItemGroup>
    <Filter Include="3rdParty">
      <UniqueIdentifier>{1E6D62C3-0A3A-BDCE-3353-AB761F7FF25C}</UniqueIdentifier>
    </Filter>
    <Filter Include="3rdParty\ImGuizmo">
      <UniqueIdentifier>{3E81F3E0-AA97-F176-F30E-7D985F64C2FE}</UniqueIdentifier>
    </Filter>
    <Filter Include="3rdParty\imgui">
      <UniqueIdentifier>{08595F4B-F426-5351-DDBA-C377C9272FB6}</UniqueIdentifier>
    </Filter>
    <Filter Include="Visualization">
      <UniqueIdentifier>{F72D7571-63EE-F0A7-2C29-3A2598A83584}</UniqueIdentifier>
    </Filter>
    <Filter Include="src">
      <UniqueIdentifier>{2DAB880B-99B4-887C-2230-9F7C8E38947C}</UniqueIdentifier>
    </Filter>
    <Filter Include="src\Audio">
      <UniqueIdentifier>{EE2696B2-5A91-4A29-A3CF-FBCE0F79287E}</UniqueIdentifier>
    </Filter>
    <Filter Include="src\Core">
      <UniqueIdentifier>{A5D31CCF-91A0-77DA-BAB9-6582A6E5AC68}</UniqueIdentifier>
    </Filter>
    <Filter Include="src\Editor">
      <UniqueIdentifier>{C3F37E0D-AFAB-C05A-18B3-99B6048A5B4B}</UniqueIdentifier>
    </Filter>
    <Filter Include="src\Editor\Panels">
      <UniqueIdentifier>{B5EA9B8A-2101-9A20-6A78-2542D6CD6AA8}</UniqueIdentifier>
    </Filter>
    <Filter Include="src\Events">
      <UniqueIdentifier>{7162C20E-5D1A-045C-C621-DDB7B2F89E4C}</UniqueIdentifier>
    </Filter>
    <Filter Include="src\GraphicsAPI">
      <UniqueIdentifier>{07D6788E-7361-E652-7C72-6947E87C4253}</UniqueIdentifier>
    </Filter>
    <Filter Include="src\GraphicsAPI\OpenGL">
      <UniqueIdentifier>{5B9195F7-478B-BE49-30F8-545A1C9124B6}</UniqueIdentifier>
    </Filter>
    <Filter Include="src\ImGui">
      <UniqueIdentifier>{170E22B3-8378-D629-CCB6-87CF3860B47E}</UniqueIdentifier>
    </Filter>
    <Filter Include="src\Logging">
      <UniqueIdentifier>{C368B2F1-2F1E-2BE7-B812-25BE24C721EB}</UniqueIdentifier>
    </Filter>
    <Filter Include="src\Maths">
      <UniqueIdentifier>{599964B3-C503-192A-0E42-CACF7AEBF67E}</UniqueIdentifier>
    </Filter>
    <Filter Include="src\Physics">
      <UniqueIdentifier>{9F8B9316-0B41-0C0C-9435-06E300EA0210}</UniqueIdentifier>
    </Filter>
    <Filter Include="src\Platform">
      <UniqueIdentifier>{21CA02E5-0D2D-9289-B6B2-CA3FA2F45D0C}</UniqueIdentifier>
    </Filter>
    <Filter Include="src\Platform\OpenGL">
      <UniqueIdentifier>{35A49437-A105-7245-2A73-B8F796D3A804}</UniqueIdentifier>
    </Filter>
    <Filter Include="src\Renderer">
      <UniqueIdentifier>{73D1DFBF-5F34-6F64-08BA-A71AF4FB3AE7}</UniqueIdentifier>
    </Filter>
    <Filter Include="src\Renderer\2D">
      <UniqueIdentifier>{380F5A1A-A49A-C7DE-ADAB-4AD319B623DF}</UniqueIdentifier>
    </Filter>
    <Filter Include="src\Renderer\3D">
      <UniqueIdentifier>{590F5A1A-C59A-C7DE-CEAB-4AD33AB623DF}</UniqueIdentifier>
    </Filter>
    <Filter Include="src\Renderer\Camera">
      <UniqueIdentifier>{8BE6B0F4-F747-8E02-80B5-D4B4EC15C5C1}</UniqueIdentifier>
    </Filter>
    <Filter Include="src\Renderer\Data">
      <UniqueIdentifier>{BC262519-283D-23AF-71B4-AED0DD09F436}</UniqueIdentifier>
    </Filter>
    <Filter Include="src\Renderer\Data\Primatives">
      <UniqueIdentifier>{0F329641-FBEC-85ED-A4A4-FE37903ED07D}</UniqueIdentifier>
    </Filter>
    <Filter Include="src\Renderer\Shader">
      <UniqueIdentifier>{B9817B1A-25E3-5828-AE50-9FDA1AB18FE7}</UniqueIdentifier>
    </Filter>
    <Filter Include="src\Scene">
      <UniqueIdentifier>{0A06D2B3-7670-862A-BFAE-37D02B58647F}</UniqueIdentifier>
    </Filter>
    <Filter Include="src\Scene\Serialiser">
      <UniqueIdentifier>{0CD3E47C-F861-6E46-A180-82418DEE7EEC}</UniqueIdentifier>
    </Filter>
    <Filter Include="src\Scripting">
      <UniqueIdentifier>{6FBC2D98-DB7C-A9CE-A4B7-F24B1037EEAA}</UniqueIdentifier>
    </Filter>
    <Filter Include="src\Scripting\ScriptHeader">
      <UniqueIdentifier>{DCF9E919-C809-96EA-31C3-FA081DF28483}</UniqueIdentifier>
    </Filter>
    <Filter Include="src\Utilities">
      <UniqueIdentifier>{D86B3A83-442C-B6B9-0D67-FF3679E6FA95}</UniqueIdentifier>
    </Filter>
    <Filter Include="src\Utilities\Windows">
      <UniqueIdentifier>{126E82EF-7EDA-3DEA-47CE-D547B3F95F52}</UniqueIdentifier>
    </Filter>
  </ItemGroup>
  <ItemGroup>
    <ClInclude Include="3rdParty\ImGuizmo\GraphEditor.h">
      <Filter>3rdParty\ImGuizmo</Filter>
    </ClInclude>
    <ClInclude Include="3rdParty\ImGuizmo\ImCurveEdit.h">
      <Filter>3rdParty\ImGuizmo</Filter>
    </ClInclude>
    <ClInclude Include="3rdParty\ImGuizmo\ImGradient.h">
      <Filter>3rdParty\ImGuizmo</Filter>
    </ClInclude>
    <ClInclude Include="3rdParty\ImGuizmo\ImGuizmo.h">
      <Filter>3rdParty\ImGuizmo</Filter>
    </ClInclude>
    <ClInclude Include="3rdParty\ImGuizmo\ImSequencer.h">
      <Filter>3rdParty\ImGuizmo</Filter>
    </ClInclude>
    <ClInclude Include="3rdParty\ImGuizmo\ImZoomSlider.h">
      <Filter>3rdParty\ImGuizmo</Filter>
    </ClInclude>
    <ClInclude Include="3rdParty\imgui\imgui_stdlib.h">
      <Filter>3rdParty\imgui</Filter>
    </ClInclude>
    <ClInclude Include="src\Audio\Audio.h">
      <Filter>src\Audio</Filter>
    </ClInclude>
    <ClInclude Include="src\Core\App.h">
      <Filter>src\Core</Filter>
    </ClInclude>
    <ClInclude Include="src\Core\Core.h">
      <Filter>src\Core</Filter>
    </ClInclude>
    <ClInclude Include="src\Core\EntryPoint.h">
      <Filter>src\Core</Filter>
    </ClInclude>
    <ClInclude Include="src\Core\Input.h">
      <Filter>src\Core</Filter>
    </ClInclude>
    <ClInclude Include="src\Core\KeyCodes.h">
      <Filter>src\Core</Filter>
    </ClInclude>
    <ClInclude Include="src\Core\Layer.h">
      <Filter>src\Core</Filter>
    </ClInclude>
    <ClInclude Include="src\Core\LayerStack.h">
      <Filter>src\Core</Filter>
    </ClInclude>
    <ClInclude Include="src\Core\MouseCodes.h">
      <Filter>src\Core</Filter>
    </ClInclude>
    <ClInclude Include="src\Core\Timestep.h">
      <Filter>src\Core</Filter>
    </ClInclude>
    <ClInclude Include="src\Core\UUID.h">
      <Filter>src\Core</Filter>
    </ClInclude>
    <ClInclude Include="src\Core\Window.h">
      <Filter>src\Core</Filter>
    </ClInclude>
    <ClInclude Include="src\Editor\EditorLayer.h">
      <Filter>src\Editor</Filter>
    </ClInclude>
    <ClInclude Include="src\Editor\Panels\InspectorPanel.h">
      <Filter>src\Editor\Panels</Filter>
    </ClInclude>
    <ClInclude Include="src\Editor\Panels\SceneHierarchyPanel.h">
      <Filter>src\Editor\Panels</Filter>
    </ClInclude>
    <ClInclude Include="src\Events\ApplicationEvents.h">
      <Filter>src\Events</Filter>
    </ClInclude>
    <ClInclude Include="src\Events\Events.h">
      <Filter>src\Events</Filter>
    </ClInclude>
    <ClInclude Include="src\Events\KeyEvent.h">
      <Filter>src\Events</Filter>
    </ClInclude>
    <ClInclude Include="src\Events\MouseEvent.h">
      <Filter>src\Events</Filter>
    </ClInclude>
    <ClInclude Include="src\GameEngine.h">
      <Filter>src</Filter>
    </ClInclude>
    <ClInclude Include="src\GameEngine_PCH.h">
      <Filter>src</Filter>
    </ClInclude>
    <ClInclude Include="src\GraphicsAPI\OpenGL\OpenGLContext.h">
      <Filter>src\GraphicsAPI\OpenGL</Filter>
    </ClInclude>
    <ClInclude Include="src\ImGui\ImGuiLayer.h">
      <Filter>src\ImGui</Filter>
    </ClInclude>
    <ClInclude Include="src\ImGui\ImGuiLib.h">
      <Filter>src\ImGui</Filter>
    </ClInclude>
    <ClInclude Include="src\Logging\Log.h">
      <Filter>src\Logging</Filter>
    </ClInclude>
    <ClInclude Include="src\Maths\Maths.h">
      <Filter>src\Maths</Filter>
    </ClInclude>
    <ClInclude Include="src\Physics\PhysicsBody.h">
      <Filter>src\Physics</Filter>
    </ClInclude>
    <ClInclude Include="src\Platform\OpenGL\OpenGLFramebuffer.h">
      <Filter>src\Platform\OpenGL</Filter>
    </ClInclude>
    <ClInclude Include="src\Platform\OpenGL\OpenGLFramebufferUtils.h">
      <Filter>src\Platform\OpenGL</Filter>
    </ClInclude>
    <ClInclude Include="src\Platform\OpenGL\OpenGLIndexBuffer.h">
      <Filter>src\Platform\OpenGL</Filter>
    </ClInclude>
    <ClInclude Include="src\Platform\OpenGL\OpenGLUniformBuffer.h">
      <Filter>src\Platform\OpenGL</Filter>
    </ClInclude>
    <ClInclude Include="src\Platform\OpenGL\OpenGLVertexArray.h">
      <Filter>src\Platform\OpenGL</Filter>
    </ClInclude>
    <ClInclude Include="src\Platform\OpenGL\OpenGLVertexBuffer.h">
      <Filter>src\Platform\OpenGL</Filter>
    </ClInclude>
    <ClInclude Include="src\Platform\WindowsWindow.h">
      <Filter>src\Platform</Filter>
    </ClInclude>
    <ClInclude Include="src\Renderer\2D\Render2DData.h">
      <Filter>src\Renderer\2D</Filter>
    </ClInclude>
    <ClInclude Include="src\Renderer\2D\Renderer2D.h">
      <Filter>src\Renderer\2D</Filter>
    </ClInclude>
    <ClInclude Include="src\Renderer\3D\Render3D.h">
      <Filter>src\Renderer\3D</Filter>
    </ClInclude>
    <ClInclude Include="src\Renderer\Camera\Camera.h">
      <Filter>src\Renderer\Camera</Filter>
    </ClInclude>
    <ClInclude Include="src\Renderer\Camera\EditorCamera.h">
      <Filter>src\Renderer\Camera</Filter>
    </ClInclude>
    <ClInclude Include="src\Renderer\Data\Buffer.h">
      <Filter>src\Renderer\Data</Filter>
    </ClInclude>
    <ClInclude Include="src\Renderer\Data\BufferLayout.h">
      <Filter>src\Renderer\Data</Filter>
    </ClInclude>
    <ClInclude Include="src\Renderer\Data\Framebuffer.h">
      <Filter>src\Renderer\Data</Filter>
    </ClInclude>
    <ClInclude Include="src\Renderer\Data\IndexBuffer.h">
      <Filter>src\Renderer\Data</Filter>
    </ClInclude>
    <ClInclude Include="src\Renderer\Data\Primatives\CircleVertex.h">
      <Filter>src\Renderer\Data\Primatives</Filter>
    </ClInclude>
    <ClInclude Include="src\Renderer\Data\Primatives\QuadVertex.h">
      <Filter>src\Renderer\Data\Primatives</Filter>
    </ClInclude>
    <ClInclude Include="src\Renderer\Data\UniformBuffer.h">
      <Filter>src\Renderer\Data</Filter>
    </ClInclude>
    <ClInclude Include="src\Renderer\Data\VertexArray.h">
      <Filter>src\Renderer\Data</Filter>
    </ClInclude>
    <ClInclude Include="src\Renderer\Data\VertexBuffer.h">
      <Filter>src\Renderer\Data</Filter>
    </ClInclude>
    <ClInclude Include="src\Renderer\GraphicsContext.h">
      <Filter>src\Renderer</Filter>
    </ClInclude>
    <ClInclude Include="src\Renderer\Shader\Shader.h">
      <Filter>src\Renderer\Shader</Filter>
    </ClInclude>
    <ClInclude Include="src\Renderer\Shader\ShaderLibrary.h">
      <Filter>src\Renderer\Shader</Filter>
    </ClInclude>
    <ClInclude Include="src\Scene\Components.h">
      <Filter>src\Scene</Filter>
    </ClInclude>
    <ClInclude Include="src\Scene\Entity.h">
      <Filter>src\Scene</Filter>
    </ClInclude>
    <ClInclude Include="src\Scene\Scene.h">
      <Filter>src\Scene</Filter>
    </ClInclude>
    <ClInclude Include="src\Scene\SceneCamera.h">
      <Filter>src\Scene</Filter>
    </ClInclude>
    <ClInclude Include="src\Scene\Serialiser\SceneSerialiser.h">
      <Filter>src\Scene\Serialiser</Filter>
    </ClInclude>
    <ClInclude Include="src\Scene\Serialiser\yamlConverter.h">
      <Filter>src\Scene\Serialiser</Filter>
    </ClInclude>
    <ClInclude Include="src\Scripting\ScriptHeader\ScriptHeader.h">
      <Filter>src\Scripting\ScriptHeader</Filter>
    </ClInclude>
    <ClInclude Include="src\Scripting\Scripting.h">
      <Filter>src\Scripting</Filter>
    </ClInclude>
    <ClInclude Include="src\Utilities\FileManagement.h">
      <Filter>src\Utilities</Filter>
    </ClInclude>
    <ClInclude Include="src\Utilities\OpenGLError.h">
      <Filter>src\Utilities</Filter>
    </ClInclude>
    <ClInclude Include="src\Utilities\PlatformUtils.h">
      <Filter>src\Utilities</Filter>
    </ClInclude>
    <ClInclude Include="src\Utilities\Windows\WindowsPlatformUtils.h">
      <Filter>src\Utilities\Windows</Filter>
    </ClInclude>
  </ItemGroup>
  <ItemGroup>
    <ClCompile Include="3rdParty\ImGuizmo\GraphEditor.cpp">
      <Filter>3rdParty\ImGuizmo</Filter>
    </ClCompile>
    <ClCompile Include="3rdParty\ImGuizmo\ImCurveEdit.cpp">
      <Filter>3rdParty\ImGuizmo</Filter>
    </ClCompile>
    <ClCompile Include="3rdParty\ImGuizmo\ImGradient.cpp">
      <Filter>3rdParty\ImGuizmo</Filter>
    </ClCompile>
    <ClCompile Include="3rdParty\ImGuizmo\ImGuizmo.cpp">
      <Filter>3rdParty\ImGuizmo</Filter>
    </ClCompile>
    <ClCompile Include="3rdParty\ImGuizmo\ImSequencer.cpp">
      <Filter>3rdParty\ImGuizmo</Filter>
    </ClCompile>
    <ClCompile Include="3rdParty\imgui\imgui_stdlib.cpp">
      <Filter>3rdParty\imgui</Filter>
    </ClCompile>
    <ClCompile Include="src\Audio\FMOD_ERROR.cpp">
      <Filter>src\Audio</Filter>
    </ClCompile>
    <ClCompile Include="src\Core\App.cpp">
      <Filter>src\Core</Filter>
    </ClCompile>
    <ClCompile Include="src\Core\Core.cpp">
      <Filter>src\Core</Filter>
    </ClCompile>
    <ClCompile Include="src\Core\Layer.cpp">
      <Filter>src\Core</Filter>
    </ClCompile>
    <ClCompile Include="src\Core\LayerStack.cpp">
      <Filter>src\Core</Filter>
    </ClCompile>
    <ClCompile Include="src\Core\UUID.cpp">
      <Filter>src\Core</Filter>
    </ClCompile>
    <ClCompile Include="src\Editor\EditorLayer.cpp">
      <Filter>src\Editor</Filter>
    </ClCompile>
    <ClCompile Include="src\Editor\Panels\InspectorPanel.cpp">
      <Filter>src\Editor\Panels</Filter>
    </ClCompile>
    <ClCompile Include="src\Editor\Panels\SceneHierarchyPanel.cpp">
      <Filter>src\Editor\Panels</Filter>
    </ClCompile>
    <ClCompile Include="src\GameEngine.cpp">
      <Filter>src</Filter>
    </ClCompile>
    <ClCompile Include="src\GameEngine_PCH.cpp">
      <Filter>src</Filter>
    </ClCompile>
    <ClCompile Include="src\GraphicsAPI\OpenGL\OpenGLContext.cpp">
      <Filter>src\GraphicsAPI\OpenGL</Filter>
    </ClCompile>
    <ClCompile Include="src\ImGui\ImGuiBuild.cpp">
      <Filter>src\ImGui</Filter>
    </ClCompile>
    <ClCompile Include="src\ImGui\ImGuiLayer.cpp">
      <Filter>src\ImGui</Filter>
    </ClCompile>
    <ClCompile Include="src\Logging\Log.cpp">
      <Filter>src\Logging</Filter>
    </ClCompile>
    <ClCompile Include="src\Maths\Maths.cpp">
      <Filter>src\Maths</Filter>
    </ClCompile>
    <ClCompile Include="src\Physics\PhysicsBody.cpp">
      <Filter>src\Physics</Filter>
    </ClCompile>
    <ClCompile Include="src\Platform\OpenGL\OpenGLFramebuffer.cpp">
      <Filter>src\Platform\OpenGL</Filter>
    </ClCompile>
    <ClCompile Include="src\Platform\OpenGL\OpenGLIndexBuffer.cpp">
      <Filter>src\Platform\OpenGL</Filter>
    </ClCompile>
    <ClCompile Include="src\Platform\OpenGL\OpenGLUniformBuffer.cpp">
      <Filter>src\Platform\OpenGL</Filter>
    </ClCompile>
    <ClCompile Include="src\Platform\OpenGL\OpenGLVertexArray.cpp">
      <Filter>src\Platform\OpenGL</Filter>
    </ClCompile>
    <ClCompile Include="src\Platform\OpenGL\OpenGLVertexBuffer.cpp">
      <Filter>src\Platform\OpenGL</Filter>
    </ClCompile>
    <ClCompile Include="src\Platform\WindowsInput.cpp">
      <Filter>src\Platform</Filter>
    </ClCompile>
    <ClCompile Include="src\Platform\WindowsWindow.cpp">
      <Filter>src\Platform</Filter>
    </ClCompile>
    <ClCompile Include="src\Renderer\2D\Renderer2D.cpp">
      <Filter>src\Renderer\2D</Filter>
    </ClCompile>
    <ClCompile Include="src\Renderer\3D\Render3D.cpp">
      <Filter>src\Renderer\3D</Filter>
    </ClCompile>
    <ClCompile Include="src\Renderer\Camera\EditorCamera.cpp">
      <Filter>src\Renderer\Camera</Filter>
    </ClCompile>
    <ClCompile Include="src\Renderer\Data\Buffer.cpp">
      <Filter>src\Renderer\Data</Filter>
    </ClCompile>
    <ClCompile Include="src\Renderer\Data\Framebuffer.cpp">
      <Filter>src\Renderer\Data</Filter>
    </ClCompile>
    <ClCompile Include="src\Renderer\Data\UniformBuffer.cpp">
      <Filter>src\Renderer\Data</Filter>
    </ClCompile>
    <ClCompile Include="src\Renderer\Data\VertexArray.cpp">
      <Filter>src\Renderer\Data</Filter>
    </ClCompile>
    <ClCompile Include="src\Renderer\Shader\Shader.cpp">
      <Filter>src\Renderer\Shader</Filter>
    </ClCompile>
    <ClCompile Include="src\Renderer\Shader\ShaderLibrary.cpp">
      <Filter>src\Renderer\Shader</Filter>
    </ClCompile>
    <ClCompile Include="src\Scene\Entity.cpp">
      <Filter>src\Scene</Filter>
    </ClCompile>
    <ClCompile Include="src\Scene\Scene.cpp">
      <Filter>src\Scene</Filter>
    </ClCompile>
    <ClCompile Include="src\Scene\SceneCamera.cpp">
      <Filter>src\Scene</Filter>
    </ClCompile>
    <ClCompile Include="src\Scene\Serialiser\SceneSerialiser.cpp">
      <Filter>src\Scene\Serialiser</Filter>
    </ClCompile>
    <ClCompile Include="src\Scripting\Scripting.cpp">
      <Filter>src\Scripting</Filter>
    </ClCompile>
    <ClCompile Include="src\Utilities\FileManagement.cpp">
      <Filter>src\Utilities</Filter>
    </ClCompile>
    <ClCompile Include="src\Utilities\PlatformUtils.cpp">
      <Filter>src\Utilities</Filter>
    </ClCompile>
    <ClCompile Include="src\Utilities\Windows\WindowsPlatformUtils.cpp">
      <Filter>src\Utilities\Windows</Filter>
    </ClCompile>
  </ItemGroup>
  <ItemGroup>
    <None Include="natvis\config.natvis">
      <Filter>Visualization</Filter>
    </None>
    <None Include="natvis\container.natvis">
      <Filter>Visualization</Filter>
    </None>
    <None Include="natvis\core.natvis">
      <Filter>Visualization</Filter>
    </None>
    <None Include="natvis\entity.natvis">
      <Filter>Visualization</Filter>
    </None>
    <None Include="natvis\glm.natvis">
      <Filter>Visualization</Filter>
    </None>
    <None Include="natvis\graph.natvis">
      <Filter>Visualization</Filter>
    </None>
    <None Include="natvis\locator.natvis">
      <Filter>Visualization</Filter>
    </None>
    <None Include="natvis\meta.natvis">
      <Filter>Visualization</Filter>
    </None>
    <None Include="natvis\poly.natvis">
      <Filter>Visualization</Filter>
    </None>
    <None Include="natvis\process.natvis">
      <Filter>Visualization</Filter>
    </None>
    <None Include="natvis\resource.natvis">
      <Filter>Visualization</Filter>
    </None>
    <None Include="natvis\signal.natvis">
      <Filter>Visualization</Filter>
    </None>
    <None Include="natvis\yaml-cpp.natvis">
      <Filter>Visualization</Filter>
    </None>
  </ItemGroup>
</Project>