<?xml version="1.0" encoding="utf-8"?>
<Project ToolsVersion="4.0" xmlns="http://schemas.microsoft.com/developer/msbuild/2003">
  <ItemGroup>
    <Filter Include="Core">
      <UniqueIdentifier>{2EB4837C-1AEB-840D-C3D7-6A10AFED000F}</UniqueIdentifier>
    </Filter>
    <Filter Include="Editor">
      <UniqueIdentifier>{8C1A20B0-78BC-4A86-6177-5EDA4DB8D1D6}</UniqueIdentifier>
    </Filter>
    <Filter Include="Events">
      <UniqueIdentifier>{3A8963B1-262B-8E87-0FE6-A1DBFB2615D8}</UniqueIdentifier>
    </Filter>
    <Filter Include="GraphicsAPI">
      <UniqueIdentifier>{70A29E76-DC57-176C-654C-1143D1000E70}</UniqueIdentifier>
    </Filter>
    <Filter Include="GraphicsAPI\OpenGL">
      <UniqueIdentifier>{A42DBE00-9011-7F56-F971-79A9E57469D8}</UniqueIdentifier>
    </Filter>
    <Filter Include="Logging">
      <UniqueIdentifier>{AC6878E8-1848-F783-2160-825A8DBE5DE5}</UniqueIdentifier>
    </Filter>
    <Filter Include="Platform">
      <UniqueIdentifier>{2AC788B4-1694-E3BF-3FAD-D1672BD9184E}</UniqueIdentifier>
    </Filter>
    <Filter Include="Renderer">
      <UniqueIdentifier>{7CCE658F-689B-C09A-91B4-AE427DE0F528}</UniqueIdentifier>
    </Filter>
    <Filter Include="Renderer\3D">
      <UniqueIdentifier>{C2DB7F02-2E91-F8F7-B785-F2CE233AEFFB}</UniqueIdentifier>
    </Filter>
    <Filter Include="Renderer\Camera">
      <UniqueIdentifier>{74BF48DA-E04A-B69E-E95B-39935566129F}</UniqueIdentifier>
    </Filter>
    <Filter Include="Renderer\Data">
      <UniqueIdentifier>{65B1EFA1-D171-6BD8-9AAC-B455062CB0B4}</UniqueIdentifier>
    </Filter>
    <Filter Include="Renderer\Shader">
      <UniqueIdentifier>{A25A1300-0EE6-80C4-17F7-03B98301DDC4}</UniqueIdentifier>
    </Filter>
    <Filter Include="Utilities">
      <UniqueIdentifier>{010A8043-6D74-34BA-B6B2-E55F225C120F}</UniqueIdentifier>
    </Filter>
  </ItemGroup>
  <ItemGroup>
    <ClInclude Include="src\Core\App.h">
      <Filter>Core</Filter>
    </ClInclude>
    <ClInclude Include="src\Core\Core.h">
      <Filter>Core</Filter>
    </ClInclude>
    <ClInclude Include="src\Core\EntryPoint.h">
      <Filter>Core</Filter>
    </ClInclude>
    <ClInclude Include="src\Core\Input.h">
      <Filter>Core</Filter>
    </ClInclude>
    <ClInclude Include="src\Core\KeyCodes.h">
      <Filter>Core</Filter>
    </ClInclude>
    <ClInclude Include="src\Core\Layer.h">
      <Filter>Core</Filter>
    </ClInclude>
    <ClInclude Include="src\Core\LayerStack.h">
      <Filter>Core</Filter>
    </ClInclude>
    <ClInclude Include="src\Core\MouseCodes.h">
      <Filter>Core</Filter>
    </ClInclude>
    <ClInclude Include="src\Core\Timestep.h">
      <Filter>Core</Filter>
    </ClInclude>
    <ClInclude Include="src\Core\Window.h">
      <Filter>Core</Filter>
    </ClInclude>
    <ClInclude Include="src\Editor\EditorLayer.h">
      <Filter>Editor</Filter>
    </ClInclude>
    <ClInclude Include="src\Events\ApplicationEvents.h">
      <Filter>Events</Filter>
    </ClInclude>
    <ClInclude Include="src\Events\Events.h">
      <Filter>Events</Filter>
    </ClInclude>
    <ClInclude Include="src\Events\KeyEvent.h">
      <Filter>Events</Filter>
    </ClInclude>
    <ClInclude Include="src\Events\MouseEvent.h">
      <Filter>Events</Filter>
    </ClInclude>
    <ClInclude Include="src\GameEngine.h" />
    <ClInclude Include="src\GameEngine_PCH.h" />
    <ClInclude Include="src\GraphicsAPI\OpenGL\OpenGLContext.h">
      <Filter>GraphicsAPI\OpenGL</Filter>
    </ClInclude>
    <ClInclude Include="src\Logging\Log.h">
      <Filter>Logging</Filter>
    </ClInclude>
    <ClInclude Include="src\Platform\WindowsWindow.h">
      <Filter>Platform</Filter>
    </ClInclude>
    <ClInclude Include="src\Renderer\3D\Render3D.h">
      <Filter>Renderer\3D</Filter>
    </ClInclude>
    <ClInclude Include="src\Renderer\Camera\Camera.h">
      <Filter>Renderer\Camera</Filter>
    </ClInclude>
    <ClInclude Include="src\Renderer\Camera\EditorCamera.h">
      <Filter>Renderer\Camera</Filter>
    </ClInclude>
    <ClInclude Include="src\Renderer\Data\Framebuffer.h">
      <Filter>Renderer\Data</Filter>
    </ClInclude>
    <ClInclude Include="src\Renderer\GraphicsContext.h">
      <Filter>Renderer</Filter>
    </ClInclude>
    <ClInclude Include="src\Renderer\Shader\Shader.h">
      <Filter>Renderer\Shader</Filter>
    </ClInclude>
    <ClInclude Include="src\Renderer\Shader\ShaderLibrary.h">
      <Filter>Renderer\Shader</Filter>
    </ClInclude>
    <ClInclude Include="src\Utilities\FileManagement.h">
      <Filter>Utilities</Filter>
    </ClInclude>
  </ItemGroup>
  <ItemGroup>
    <ClCompile Include="src\Core\App.cpp">
      <Filter>Core</Filter>
    </ClCompile>
    <ClCompile Include="src\Core\Core.cpp">
      <Filter>Core</Filter>
    </ClCompile>
    <ClCompile Include="src\Core\Layer.cpp">
      <Filter>Core</Filter>
    </ClCompile>
    <ClCompile Include="src\Core\LayerStack.cpp">
      <Filter>Core</Filter>
    </ClCompile>
    <ClCompile Include="src\Editor\EditorLayer.cpp">
      <Filter>Editor</Filter>
    </ClCompile>
    <ClCompile Include="src\GameEngine.cpp" />
    <ClCompile Include="src\GameEngine_PCH.cpp" />
    <ClCompile Include="src\GraphicsAPI\OpenGL\OpenGLContext.cpp">
      <Filter>GraphicsAPI\OpenGL</Filter>
    </ClCompile>
    <ClCompile Include="src\Logging\Log.cpp">
      <Filter>Logging</Filter>
    </ClCompile>
    <ClCompile Include="src\Platform\WindowsInput.cpp">
      <Filter>Platform</Filter>
    </ClCompile>
    <ClCompile Include="src\Platform\WindowsWindow.cpp">
      <Filter>Platform</Filter>
    </ClCompile>
    <ClCompile Include="src\Renderer\3D\Render3D.cpp">
      <Filter>Renderer\3D</Filter>
    </ClCompile>
    <ClCompile Include="src\Renderer\Camera\EditorCamera.cpp">
      <Filter>Renderer\Camera</Filter>
    </ClCompile>
    <ClCompile Include="src\Renderer\Data\Framebuffer.cpp">
      <Filter>Renderer\Data</Filter>
    </ClCompile>
    <ClCompile Include="src\Renderer\Shader\Shader.cpp">
      <Filter>Renderer\Shader</Filter>
    </ClCompile>
    <ClCompile Include="src\Renderer\Shader\ShaderLibrary.cpp">
      <Filter>Renderer\Shader</Filter>
    </ClCompile>
  </ItemGroup>
</Project>