<?xml version="1.0" encoding="utf-8"?>
<Project ToolsVersion="4.0" xmlns="http://schemas.microsoft.com/developer/msbuild/2003">
  <ItemGroup>
    <Filter Include="Core">
      <UniqueIdentifier>{2EB4837C-1AEB-840D-C3D7-6A10AFED000F}</UniqueIdentifier>
    </Filter>
    <Filter Include="Platform">
      <UniqueIdentifier>{2AC788B4-1694-E3BF-3FAD-D1672BD9184E}</UniqueIdentifier>
    </Filter>
  </ItemGroup>
  <ItemGroup>
    <ClInclude Include="src\Core\App.h">
      <Filter>Core</Filter>
    </ClInclude>
    <ClInclude Include="src\Core\Core.h">
      <Filter>Core</Filter>
    </ClInclude>
    <ClInclude Include="src\Core\EntryPoint.h">
      <Filter>Core</Filter>
    </ClInclude>
    <ClInclude Include="src\Core\Timestep.h">
      <Filter>Core</Filter>
    </ClInclude>
    <ClInclude Include="src\Core\Window.h">
      <Filter>Core</Filter>
    </ClInclude>
    <ClInclude Include="src\GameEngine.h" />
    <ClInclude Include="src\GameEngine_PCH.h" />
    <ClInclude Include="src\Platform\WindowsWindow.h">
      <Filter>Platform</Filter>
    </ClInclude>
    <ClInclude Include="src\Renderer\GraphicsContext.h" />
    <ClInclude Include="src\GraphicsAPI\OpenGL\OpenGLContext.h" />
    <ClInclude Include="src\Core\Layer.h" />
    <ClInclude Include="src\Core\LayerStack.h" />
    <ClInclude Include="src\Editor\EditorLayer.h" />
    <ClInclude Include="src\Events\Events.h" />
    <ClInclude Include="src\Events\KeyEvent.h" />
  </ItemGroup>
  <ItemGroup>
    <ClCompile Include="src\Core\App.cpp">
      <Filter>Core</Filter>
    </ClCompile>
    <ClCompile Include="src\Core\Core.cpp">
      <Filter>Core</Filter>
    </ClCompile>
    <ClCompile Include="src\GameEngine.cpp" />
    <ClCompile Include="src\GameEngine_PCH.cpp" />
    <ClCompile Include="src\Platform\WindowsWindow.cpp">
      <Filter>Platform</Filter>
    </ClCompile>
    <ClCompile Include="src\GraphicsAPI\OpenGL\OpenGLContext.cpp" />
    <ClCompile Include="src\Core\Layer.cpp" />
    <ClCompile Include="src\Core\LayerStack.cpp" />
    <ClCompile Include="src\Editor\EditorLayer.cpp" />
  </ItemGroup>
</Project>